
Microsoft Visual Studio Solution File, Format Version 12.00
# Visual Studio Version 16
VisualStudioVersion = 16.0.30204.135
MinimumVisualStudioVersion = 10.0.40219.1
Project("{2150E333-8FDC-42A3-9474-1A3956D46DE8}") = "1.src", "1.src", "{6CCE9EA7-DE3B-45E2-A782-79A879655F5C}"
EndProject
Project("{2150E333-8FDC-42A3-9474-1A3956D46DE8}") = "2.test", "2.test", "{0809D37E-897C-4023-8E40-3511880BECD9}"
EndProject
Project("{2150E333-8FDC-42A3-9474-1A3956D46DE8}") = "3.samples", "3.samples", "{FBE9D109-B86C-446B-991D-A5503CC0AF84}"
EndProject
Project("{2150E333-8FDC-42A3-9474-1A3956D46DE8}") = "4.nuspecs", "4.nuspecs", "{5BA55A93-727B-4A47-9972-C33E7E6924E5}"
EndProject
Project("{2150E333-8FDC-42A3-9474-1A3956D46DE8}") = "Data", "Data", "{2F49293C-9107-4798-AB29-BD0C2B3FA82C}"
EndProject
Project("{9A19103F-16F7-4668-BE54-9A1E7A4F7556}") = "Earth.Data.EF", "src\Data\Earth.Data.EF\Earth.Data.EF.csproj", "{A7B29EEF-83D4-4005-AAA0-FA8672C1C900}"
EndProject
Project("{9A19103F-16F7-4668-BE54-9A1E7A4F7556}") = "Earth.Data.IO", "src\Data\Earth.Data.IO\Earth.Data.IO.csproj", "{93B230D4-AA2C-461A-AF7F-07CFF4E46E83}"
EndProject
Project("{2150E333-8FDC-42A3-9474-1A3956D46DE8}") = "DI", "DI", "{AB6D51E7-C706-4F2F-91EC-6D9666BEA631}"
EndProject
Project("{9A19103F-16F7-4668-BE54-9A1E7A4F7556}") = "Earth.DI", "src\DI\Earth.DI\Earth.DI.csproj", "{113DD96D-D8F0-4864-8273-57ED828152DA}"
EndProject
Project("{2150E333-8FDC-42A3-9474-1A3956D46DE8}") = "Logger", "Logger", "{9BD74EB6-A4FD-44D4-A79F-4A9030207978}"
EndProject
Project("{9A19103F-16F7-4668-BE54-9A1E7A4F7556}") = "Earth.Logger", "src\Logger\Earth.Logger\Earth.Logger.csproj", "{CC7AFFBA-0227-4417-B4D6-769BE509FF19}"
EndProject
Project("{2150E333-8FDC-42A3-9474-1A3956D46DE8}") = "Mapper", "Mapper", "{B019E712-293E-493F-93A8-7F6A8D600280}"
EndProject
Project("{9A19103F-16F7-4668-BE54-9A1E7A4F7556}") = "Earth.Mapper.AutoMapper", "src\Mapper\Earth.Mapper.AutoMapper\Earth.Mapper.AutoMapper.csproj", "{9284BF06-58DA-4919-8558-D4A69337763A}"
EndProject
Project("{2150E333-8FDC-42A3-9474-1A3956D46DE8}") = "Notification", "Notification", "{754D182C-D646-4D18-A520-7818BEA6AC07}"
EndProject
Project("{9A19103F-16F7-4668-BE54-9A1E7A4F7556}") = "Earth.Notification.OneSignal", "src\Notification\Earth.Notification.OneSignal\Earth.Notification.OneSignal.csproj", "{91061530-CE08-48CF-9406-81C9AA786519}"
EndProject
Project("{2150E333-8FDC-42A3-9474-1A3956D46DE8}") = "Web", "Web", "{4FBD6808-18B9-4C7A-BC97-A48D63469990}"
EndProject
Project("{9A19103F-16F7-4668-BE54-9A1E7A4F7556}") = "Earth.Web", "src\Web\Earth.Web\Earth.Web.csproj", "{8395D760-13D5-432F-9550-98BBDD41D530}"
EndProject
Project("{2150E333-8FDC-42A3-9474-1A3956D46DE8}") = "Job", "Job", "{D836ECDC-D588-4514-8777-1690A39E5696}"
EndProject
Project("{9A19103F-16F7-4668-BE54-9A1E7A4F7556}") = "Earth.Job.HangFire", "src\Job\Earth.Job.HangFire\Earth.Job.HangFire.csproj", "{3A92FB2A-E813-426A-A3D0-C5AF1A12C3EC}"
EndProject
Project("{2150E333-8FDC-42A3-9474-1A3956D46DE8}") = "Search", "Search", "{689F75DE-C720-49CF-82F1-71361544B031}"
EndProject
Project("{9A19103F-16F7-4668-BE54-9A1E7A4F7556}") = "Earth.ElasticSearch", "src\Search\Earth.ElasticSearch\Earth.ElasticSearch.csproj", "{5E7FCC56-DB79-4F8D-9113-9BA5E605EBBD}"
EndProject
Project("{2150E333-8FDC-42A3-9474-1A3956D46DE8}") = "Cache", "Cache", "{C7D00622-EB98-4AEC-9979-C6758578C3D0}"
EndProject
Project("{9A19103F-16F7-4668-BE54-9A1E7A4F7556}") = "Earth.RedisCache", "src\Cache\Earth.RedisCache\Earth.RedisCache.csproj", "{AB9EBC94-CF89-4A85-AEB0-B1ABBB304503}"
EndProject
Project("{2150E333-8FDC-42A3-9474-1A3956D46DE8}") = "Core", "Core", "{DD0A1180-0A6A-49AC-8382-F1CDE631AF45}"
EndProject
Project("{9A19103F-16F7-4668-BE54-9A1E7A4F7556}") = "Earth.Core", "src\Core\Earth.Core\Earth.Core.csproj", "{AF77CF31-FE4D-45CA-929A-850BB5031F26}"
EndProject
Project("{2150E333-8FDC-42A3-9474-1A3956D46DE8}") = "Data", "Data", "{E2AD88C6-453D-4D03-8905-0982CEF9F218}"
EndProject
Project("{FAE04EC0-301F-11D3-BF4B-00C04F79EFBC}") = "Earth.Test.Data.IO", "test\Data\Earth.Test.Data.IO\Earth.Test.Data.IO.csproj", "{FA255C91-8D0D-4E6B-A094-B40660A3B3D9}"
EndProject
Global
	GlobalSection(SolutionConfigurationPlatforms) = preSolution
		Debug|Any CPU = Debug|Any CPU
		Release|Any CPU = Release|Any CPU
	EndGlobalSection
	GlobalSection(ProjectConfigurationPlatforms) = postSolution
		{A7B29EEF-83D4-4005-AAA0-FA8672C1C900}.Debug|Any CPU.ActiveCfg = Debug|Any CPU
		{A7B29EEF-83D4-4005-AAA0-FA8672C1C900}.Debug|Any CPU.Build.0 = Debug|Any CPU
		{A7B29EEF-83D4-4005-AAA0-FA8672C1C900}.Release|Any CPU.ActiveCfg = Release|Any CPU
		{A7B29EEF-83D4-4005-AAA0-FA8672C1C900}.Release|Any CPU.Build.0 = Release|Any CPU
		{93B230D4-AA2C-461A-AF7F-07CFF4E46E83}.Debug|Any CPU.ActiveCfg = Debug|Any CPU
		{93B230D4-AA2C-461A-AF7F-07CFF4E46E83}.Debug|Any CPU.Build.0 = Debug|Any CPU
		{93B230D4-AA2C-461A-AF7F-07CFF4E46E83}.Release|Any CPU.ActiveCfg = Release|Any CPU
		{93B230D4-AA2C-461A-AF7F-07CFF4E46E83}.Release|Any CPU.Build.0 = Release|Any CPU
		{113DD96D-D8F0-4864-8273-57ED828152DA}.Debug|Any CPU.ActiveCfg = Debug|Any CPU
		{113DD96D-D8F0-4864-8273-57ED828152DA}.Debug|Any CPU.Build.0 = Debug|Any CPU
		{113DD96D-D8F0-4864-8273-57ED828152DA}.Release|Any CPU.ActiveCfg = Release|Any CPU
		{113DD96D-D8F0-4864-8273-57ED828152DA}.Release|Any CPU.Build.0 = Release|Any CPU
		{CC7AFFBA-0227-4417-B4D6-769BE509FF19}.Debug|Any CPU.ActiveCfg = Debug|Any CPU
		{CC7AFFBA-0227-4417-B4D6-769BE509FF19}.Debug|Any CPU.Build.0 = Debug|Any CPU
		{CC7AFFBA-0227-4417-B4D6-769BE509FF19}.Release|Any CPU.ActiveCfg = Release|Any CPU
		{CC7AFFBA-0227-4417-B4D6-769BE509FF19}.Release|Any CPU.Build.0 = Release|Any CPU
		{9284BF06-58DA-4919-8558-D4A69337763A}.Debug|Any CPU.ActiveCfg = Debug|Any CPU
		{9284BF06-58DA-4919-8558-D4A69337763A}.Debug|Any CPU.Build.0 = Debug|Any CPU
		{9284BF06-58DA-4919-8558-D4A69337763A}.Release|Any CPU.ActiveCfg = Release|Any CPU
		{9284BF06-58DA-4919-8558-D4A69337763A}.Release|Any CPU.Build.0 = Release|Any CPU
		{91061530-CE08-48CF-9406-81C9AA786519}.Debug|Any CPU.ActiveCfg = Debug|Any CPU
		{91061530-CE08-48CF-9406-81C9AA786519}.Debug|Any CPU.Build.0 = Debug|Any CPU
		{91061530-CE08-48CF-9406-81C9AA786519}.Release|Any CPU.ActiveCfg = Release|Any CPU
		{91061530-CE08-48CF-9406-81C9AA786519}.Release|Any CPU.Build.0 = Release|Any CPU
		{8395D760-13D5-432F-9550-98BBDD41D530}.Debug|Any CPU.ActiveCfg = Debug|Any CPU
		{8395D760-13D5-432F-9550-98BBDD41D530}.Debug|Any CPU.Build.0 = Debug|Any CPU
		{8395D760-13D5-432F-9550-98BBDD41D530}.Release|Any CPU.ActiveCfg = Release|Any CPU
		{8395D760-13D5-432F-9550-98BBDD41D530}.Release|Any CPU.Build.0 = Release|Any CPU
		{3A92FB2A-E813-426A-A3D0-C5AF1A12C3EC}.Debug|Any CPU.ActiveCfg = Debug|Any CPU
		{3A92FB2A-E813-426A-A3D0-C5AF1A12C3EC}.Debug|Any CPU.Build.0 = Debug|Any CPU
		{3A92FB2A-E813-426A-A3D0-C5AF1A12C3EC}.Release|Any CPU.ActiveCfg = Release|Any CPU
		{3A92FB2A-E813-426A-A3D0-C5AF1A12C3EC}.Release|Any CPU.Build.0 = Release|Any CPU
		{5E7FCC56-DB79-4F8D-9113-9BA5E605EBBD}.Debug|Any CPU.ActiveCfg = Debug|Any CPU
		{5E7FCC56-DB79-4F8D-9113-9BA5E605EBBD}.Debug|Any CPU.Build.0 = Debug|Any CPU
		{5E7FCC56-DB79-4F8D-9113-9BA5E605EBBD}.Release|Any CPU.ActiveCfg = Release|Any CPU
		{5E7FCC56-DB79-4F8D-9113-9BA5E605EBBD}.Release|Any CPU.Build.0 = Release|Any CPU
		{AB9EBC94-CF89-4A85-AEB0-B1ABBB304503}.Debug|Any CPU.ActiveCfg = Debug|Any CPU
		{AB9EBC94-CF89-4A85-AEB0-B1ABBB304503}.Debug|Any CPU.Build.0 = Debug|Any CPU
		{AB9EBC94-CF89-4A85-AEB0-B1ABBB304503}.Release|Any CPU.ActiveCfg = Release|Any CPU
		{AB9EBC94-CF89-4A85-AEB0-B1ABBB304503}.Release|Any CPU.Build.0 = Release|Any CPU
		{AF77CF31-FE4D-45CA-929A-850BB5031F26}.Debug|Any CPU.ActiveCfg = Debug|Any CPU
		{AF77CF31-FE4D-45CA-929A-850BB5031F26}.Debug|Any CPU.Build.0 = Debug|Any CPU
		{AF77CF31-FE4D-45CA-929A-850BB5031F26}.Release|Any CPU.ActiveCfg = Release|Any CPU
		{AF77CF31-FE4D-45CA-929A-850BB5031F26}.Release|Any CPU.Build.0 = Release|Any CPU
		{FA255C91-8D0D-4E6B-A094-B40660A3B3D9}.Debug|Any CPU.ActiveCfg = Debug|Any CPU
		{FA255C91-8D0D-4E6B-A094-B40660A3B3D9}.Debug|Any CPU.Build.0 = Debug|Any CPU
		{FA255C91-8D0D-4E6B-A094-B40660A3B3D9}.Release|Any CPU.ActiveCfg = Release|Any CPU
		{FA255C91-8D0D-4E6B-A094-B40660A3B3D9}.Release|Any CPU.Build.0 = Release|Any CPU
	EndGlobalSection
	GlobalSection(SolutionProperties) = preSolution
		HideSolutionNode = FALSE
	EndGlobalSection
	GlobalSection(NestedProjects) = preSolution
		{2F49293C-9107-4798-AB29-BD0C2B3FA82C} = {6CCE9EA7-DE3B-45E2-A782-79A879655F5C}
		{A7B29EEF-83D4-4005-AAA0-FA8672C1C900} = {2F49293C-9107-4798-AB29-BD0C2B3FA82C}
		{93B230D4-AA2C-461A-AF7F-07CFF4E46E83} = {2F49293C-9107-4798-AB29-BD0C2B3FA82C}
		{AB6D51E7-C706-4F2F-91EC-6D9666BEA631} = {6CCE9EA7-DE3B-45E2-A782-79A879655F5C}
		{113DD96D-D8F0-4864-8273-57ED828152DA} = {AB6D51E7-C706-4F2F-91EC-6D9666BEA631}
		{9BD74EB6-A4FD-44D4-A79F-4A9030207978} = {6CCE9EA7-DE3B-45E2-A782-79A879655F5C}
		{CC7AFFBA-0227-4417-B4D6-769BE509FF19} = {9BD74EB6-A4FD-44D4-A79F-4A9030207978}
		{B019E712-293E-493F-93A8-7F6A8D600280} = {6CCE9EA7-DE3B-45E2-A782-79A879655F5C}
		{9284BF06-58DA-4919-8558-D4A69337763A} = {B019E712-293E-493F-93A8-7F6A8D600280}
		{754D182C-D646-4D18-A520-7818BEA6AC07} = {6CCE9EA7-DE3B-45E2-A782-79A879655F5C}
		{91061530-CE08-48CF-9406-81C9AA786519} = {754D182C-D646-4D18-A520-7818BEA6AC07}
		{4FBD6808-18B9-4C7A-BC97-A48D63469990} = {6CCE9EA7-DE3B-45E2-A782-79A879655F5C}
		{8395D760-13D5-432F-9550-98BBDD41D530} = {4FBD6808-18B9-4C7A-BC97-A48D63469990}
		{D836ECDC-D588-4514-8777-1690A39E5696} = {6CCE9EA7-DE3B-45E2-A782-79A879655F5C}
		{3A92FB2A-E813-426A-A3D0-C5AF1A12C3EC} = {D836ECDC-D588-4514-8777-1690A39E5696}
		{689F75DE-C720-49CF-82F1-71361544B031} = {6CCE9EA7-DE3B-45E2-A782-79A879655F5C}
		{5E7FCC56-DB79-4F8D-9113-9BA5E605EBBD} = {689F75DE-C720-49CF-82F1-71361544B031}
		{C7D00622-EB98-4AEC-9979-C6758578C3D0} = {6CCE9EA7-DE3B-45E2-A782-79A879655F5C}
		{AB9EBC94-CF89-4A85-AEB0-B1ABBB304503} = {C7D00622-EB98-4AEC-9979-C6758578C3D0}
		{DD0A1180-0A6A-49AC-8382-F1CDE631AF45} = {6CCE9EA7-DE3B-45E2-A782-79A879655F5C}
		{AF77CF31-FE4D-45CA-929A-850BB5031F26} = {DD0A1180-0A6A-49AC-8382-F1CDE631AF45}
		{E2AD88C6-453D-4D03-8905-0982CEF9F218} = {0809D37E-897C-4023-8E40-3511880BECD9}
		{FA255C91-8D0D-4E6B-A094-B40660A3B3D9} = {E2AD88C6-453D-4D03-8905-0982CEF9F218}
	EndGlobalSection
	GlobalSection(ExtensibilityGlobals) = postSolution
		SolutionGuid = {62FB03B9-37FB-434C-B785-9FF0B6ED6778}
	EndGlobalSection
EndGlobal
